
Microsoft Visual Studio Solution File, Format Version 12.00
# Visual Studio 15
VisualStudioVersion = 15.0.26430.6
MinimumVisualStudioVersion = 10.0.40219.1
Project("{FAE04EC0-301F-11D3-BF4B-00C04F79EFBC}") = "C18 Ex01 Abraham 305758880 Sahar 308235407", "C18 Ex01 Abraham 305758880 Sahar 308235407\C18 Ex01 Abraham 305758880 Sahar 308235407.csproj", "{D6600215-8921-4D5E-8E15-75F9BE2B3057}"
EndProject
Global
	GlobalSection(SolutionConfigurationPlatforms) = preSolution
		Debug|Any CPU = Debug|Any CPU
		Release|Any CPU = Release|Any CPU
	EndGlobalSection
	GlobalSection(ProjectConfigurationPlatforms) = postSolution
		{D6600215-8921-4D5E-8E15-75F9BE2B3057}.Debug|Any CPU.ActiveCfg = Debug|Any CPU
		{D6600215-8921-4D5E-8E15-75F9BE2B3057}.Debug|Any CPU.Build.0 = Debug|Any CPU
		{D6600215-8921-4D5E-8E15-75F9BE2B3057}.Release|Any CPU.ActiveCfg = Release|Any CPU
		{D6600215-8921-4D5E-8E15-75F9BE2B3057}.Release|Any CPU.Build.0 = Release|Any CPU
	EndGlobalSection
	GlobalSection(SolutionProperties) = preSolution
		HideSolutionNode = FALSE
	EndGlobalSection
EndGlobal
